{
    "_meta": {
        "hash": {
            "sha256": "ae5acfb2d4bf0cccd8ab390b4060312fc1d154903aeba709e4701ef265dce49a"
        },
        "pipfile-spec": 6,
        "requires": {
            "python_version": "3.11"
        },
        "sources": [
            {
                "name": "pypi",
                "url": "https://pypi.org/simple",
                "verify_ssl": true
            }
        ]
    },
    "default": {
        "asgiref": {
            "hashes": [
                "sha256:89b2ef2247e3b562a16eef663bc0e2e703ec6468e2fa8a5cd61cd449786d4f6e",
                "sha256:9e0ce3aa93a819ba5b45120216b23878cf6e8525eb3848653452b4192b92afed"
            ],
            "index": "pypi",
            "version": "==3.7.2"
        },
        "certifi": {
            "hashes": [
                "sha256:0f0d56dc5a6ad56fd4ba36484d6cc34451e1c6548c61daad8c320169f91eddc7",
                "sha256:c6c2e98f5c7869efca1f8916fed228dd91539f9f1b444c314c06eef02980c716"
            ],
            "index": "pypi",
            "version": "==2023.5.7"
        },
        "distlib": {
            "hashes": [
                "sha256:14bad2d9b04d3a36127ac97f30b12a19268f211063d8f8ee4f47108896e11b46",
                "sha256:f35c4b692542ca110de7ef0bea44d73981caeb34ca0b9b6b2e6d7790dda8f80e"
            ],
            "index": "pypi",
            "version": "==0.3.6"
        },
        "django": {
            "hashes": [
                "sha256:45a747e1c5b3d6df1b141b1481e193b033fd1fdbda3ff52677dc81afdaacbaed",
                "sha256:f7c7852a5ac5a3da5a8d5b35cc6168f31b605971441798dac845f17ca8028039"
            ],
            "index": "pypi",
            "version": "==4.2.3"
        },
        "django-countries": {
            "hashes": [
                "sha256:22915d9b9403932b731622619940a54894a3eb0da9a374e7249c8fc453c122d7",
                "sha256:2df707aca7a5e677254bed116cf6021a136ebaccd5c2f46860abd6452bb45521"
            ],
            "index": "pypi",
            "version": "==7.5.1"
        },
        "filelock": {
            "hashes": [
                "sha256:002740518d8aa59a26b0c76e10fb8c6e15eae825d34b6fdf670333fd7b938d81",
                "sha256:cbb791cdea2a72f23da6ac5b5269ab0a0d161e9ef0100e653b69049a7706d1ec"
            ],
            "index": "pypi",
            "version": "==3.12.2"
        },
        "pipenv": {
            "hashes": [
                "sha256:50de5a7192b09b693c051582b97fde2a5d1de17f1010126c8b3240dc40d0c162",
                "sha256:dba628610ff35755678a0059a64371378d7565b23f05f31b62e2bdb295bcd53d"
            ],
            "index": "pypi",
            "version": "==2023.7.9"
        },
        "platformdirs": {
            "hashes": [
                "sha256:cec7b889196b9144d088e4c57d9ceef7374f6c39694ad1577a0aab50d27ea28c",
                "sha256:f87ca4fcff7d2b0f81c6a748a77973d7af0f4d526f98f308477c3c436c74d528"
            ],
            "index": "pypi",
            "version": "==3.8.1"
        },
        "setuptools": {
            "hashes": [
                "sha256:11e52c67415a381d10d6b462ced9cfb97066179f0e871399e006c4ab101fc85f",
                "sha256:baf1fdb41c6da4cd2eae722e135500da913332ab3f2f5c7d33af9b492acb5235"
            ],
            "markers": "python_version >= '3.7'",
            "version": "==68.0.0"
        },
        "sqlparse": {
            "hashes": [
                "sha256:5430a4fe2ac7d0f93e66f1efc6e1338a41884b7ddf2a350cedd20ccc4d9d28f3",
                "sha256:d446183e84b8349fa3061f0fe7f06ca94ba65b426946ffebe6e3e8295332420c"
            ],
            "index": "pypi",
            "version": "==0.4.4"
        },
        "typing-extensions": {
            "hashes": [
                "sha256:440d5dd3af93b060174bf433bccd69b0babc3b15b1a8dca43789fd7f61514b36",
                "sha256:b75ddc264f0ba5615db7ba217daeb99701ad295353c45f9e95963337ceeeffb2"
            ],
            "markers": "python_version >= '3.7'",
            "version": "==4.7.1"
        },
        "virtualenv": {
            "hashes": [
                "sha256:34da10f14fea9be20e0fd7f04aba9732f84e593dac291b757ce42e3368a39419",
                "sha256:8ff19a38c1021c742148edc4f81cb43d7f8c6816d2ede2ab72af5b84c749ade1"
            ],
            "index": "pypi",
            "version": "==20.23.1"
        },
        "virtualenv-clone": {
            "hashes": [
                "sha256:418ee935c36152f8f153c79824bb93eaf6f0f7984bae31d3f48f350b9183501a",
                "sha256:44d5263bceed0bac3e1424d64f798095233b64def1c5689afa43dc3223caf5b0"
            ],
            "index": "pypi",
            "version": "==0.5.7"
        }
    },
    "develop": {}
}
